
Microsoft Visual Studio Solution File, Format Version 12.00
Project("{FAE04EC0-301F-11D3-BF4B-00C04F79EFBC}") = "Course.SignalR", "Course.SignalR\Course.SignalR.csproj", "{FCD58728-E920-47FC-919D-4D26C246E64E}"
EndProject
Global
	GlobalSection(SolutionConfigurationPlatforms) = preSolution
		Debug|Any CPU = Debug|Any CPU
		Release|Any CPU = Release|Any CPU
	EndGlobalSection
	GlobalSection(ProjectConfigurationPlatforms) = postSolution
		{FCD58728-E920-47FC-919D-4D26C246E64E}.Debug|Any CPU.ActiveCfg = Debug|Any CPU
		{FCD58728-E920-47FC-919D-4D26C246E64E}.Debug|Any CPU.Build.0 = Debug|Any CPU
		{FCD58728-E920-47FC-919D-4D26C246E64E}.Release|Any CPU.ActiveCfg = Release|Any CPU
		{FCD58728-E920-47FC-919D-4D26C246E64E}.Release|Any CPU.Build.0 = Release|Any CPU
	EndGlobalSection
EndGlobal
